# This file was autogenerated by Stack.
# You should not edit this file by hand.
# For more information, please see the documentation at:
#   https://docs.haskellstack.org/en/stable/lock_files

packages: []
snapshots:
- completed:
    size: 531237
    url: https://raw.githubusercontent.com/commercialhaskell/stackage-snapshots/master/lts/16/1.yaml
    sha256: 954b6b14b0c8130732cf4773f7ebb4efc9a44600d1a5265d142868bf93462bc6
  original: lts-16.1
